<?xml version="1.0" encoding="utf-8"?>
<Project ToolsVersion="16.0" xmlns="http://schemas.microsoft.com/developer/msbuild/2003">
  <ItemGroup>
    <ClCompile Include="C:\Users\pivar\Documents\Projects\CVToolBox\examples\queueExample.c">
      <Filter>Source Files</Filter>
    </ClCompile>
  </ItemGroup>
  <ItemGroup>
    <CustomBuild Include="C:\Users\pivar\Documents\Projects\CVToolBox\CMakeLists.txt" />
  </ItemGroup>
  <ItemGroup>
    <Filter Include="Source Files">
      <UniqueIdentifier>{0D8DC3E8-0FF2-33FF-9F4E-AF345BCA351E}</UniqueIdentifier>
    </Filter>
  </ItemGroup>
</Project>
